
Microsoft Visual Studio Solution File, Format Version 12.00
# Visual Studio 14
VisualStudioVersion = 14.0.25123.0
MinimumVisualStudioVersion = 10.0.40219.1
Project("{8BC9CEB8-8B4A-11D0-8D11-00A0C91BC942}") = "Practice", "Practice.vcxproj", "{B26E3700-D330-49B0-9A1C-5D61B48F9D12}"
	ProjectSection(ProjectDependencies) = postProject
		{778D0305-5B0B-45A8-B617-05C9AEBF5F3B} = {778D0305-5B0B-45A8-B617-05C9AEBF5F3B}
	EndProjectSection
EndProject
Project("{8BC9CEB8-8B4A-11D0-8D11-00A0C91BC942}") = "NxDataUtilitiesLib", "..\..\Libraries\NxDataUtilitiesLib\NxDataUtilitiesLib.vcxproj", "{DFC376DE-831F-45D1-96CD-779DC9D95F80}"
EndProject
Project("{8BC9CEB8-8B4A-11D0-8D11-00A0C91BC942}") = "NxExceptionLib", "..\..\Libraries\NxExceptionLib\NxExceptionLib.vcxproj", "{0A8D12DB-03C2-412E-9117-A3EA3FCE9C83}"
EndProject
Project("{8BC9CEB8-8B4A-11D0-8D11-00A0C91BC942}") = "NxNetworkLib", "..\..\Libraries\NxNetworkLib\NxNetworkLib.vcxproj", "{150A3920-32BC-40AD-9302-0453983D5527}"
EndProject
Project("{8BC9CEB8-8B4A-11D0-8D11-00A0C91BC942}") = "NxPracticeSharedLib", "..\..\Libraries\NxPracticeSharedLib\NxPracticeSharedLib.vcxproj", "{BACBB188-61C3-43FA-8917-4BDC4EDA1748}"
EndProject
Project("{8BC9CEB8-8B4A-11D0-8D11-00A0C91BC942}") = "NxSystemUtilitiesLib", "..\..\Libraries\NxSystemUtilitiesLib\NxSystemUtilitiesLib.vcxproj", "{84E4EC76-1373-4775-B201-2B3805EE268F}"
EndProject
Project("{8BC9CEB8-8B4A-11D0-8D11-00A0C91BC942}") = "NxTaskDialogLib", "..\..\Libraries\NxTaskDialogLib\NxTaskDialogLib.vcxproj", "{372D72D9-F21F-49F6-8017-B400D1251BCB}"
EndProject
Project("{8BC9CEB8-8B4A-11D0-8D11-00A0C91BC942}") = "NxUILib", "..\..\Libraries\NxUILib\NxUILib.vcxproj", "{816A844B-36E8-4E4D-A141-B084A1C8300D}"
EndProject
Project("{2150E333-8FDC-42A3-9474-1A3956D46DE8}") = "Libraries", "Libraries", "{B3EA5655-4072-4B98-9C5E-D6DB7CFBD2C6}"
EndProject
Project("{2150E333-8FDC-42A3-9474-1A3956D46DE8}") = "Solution Items", "Solution Items", "{26AB5E1B-F34E-474C-9CF6-B8798A75BD29}"
EndProject
Project("{8BC9CEB8-8B4A-11D0-8D11-00A0C91BC942}") = "NxAdoLib", "..\..\Libraries\NxAdoLib\NxAdoLib.vcxproj", "{7035A4A6-F6A4-4591-978A-624ACEC9908B}"
EndProject
Project("{8BC9CEB8-8B4A-11D0-8D11-00A0C91BC942}") = "NxAdvancedUILib", "..\..\Libraries\NxAdvancedUILib\NxAdvancedUILib.vcxproj", "{7B16B85A-07FD-4F6A-BBBD-6A5E49B88FD0}"
EndProject
Project("{8BC9CEB8-8B4A-11D0-8D11-00A0C91BC942}") = "NxAPILib", "..\..\Libraries\NxAPILib\NxAPILib.vcxproj", "{A5498C19-009A-4D9B-B8BC-A1926F1AE327}"
EndProject
Project("{8BC9CEB8-8B4A-11D0-8D11-00A0C91BC942}") = "NxHL7Lib", "..\..\Libraries\NxHL7Lib\NxHL7Lib.vcxproj", "{0C0BF8F3-C0FD-42BA-B810-AFE7C60B20CA}"
EndProject
Project("{2150E333-8FDC-42A3-9474-1A3956D46DE8}") = "DLLs", "DLLs", "{8E12A725-4D1A-44AB-8CDE-A5F535985F11}"
EndProject
Project("{8BC9CEB8-8B4A-11D0-8D11-00A0C91BC942}") = "Preferences", "..\Tools\Preferences\Preferences.vcxproj", "{481E2C38-3A15-462E-852D-72B2C6BC6118}"
EndProject
Project("{8BC9CEB8-8B4A-11D0-8D11-00A0C91BC942}") = "NxUtils", "..\Tools\NxUtils\NxUtils.vcxproj", "{0B1E4CFD-2DFE-42C6-9ED3-49926ECA4544}"
EndProject
Project("{8BC9CEB8-8B4A-11D0-8D11-00A0C91BC942}") = "NxTWAIN", "..\Tools\NxTWAIN\NxTWAIN.vcxproj", "{20B6F13A-AAF8-4D6D-A846-7859D34598D3}"
EndProject
Project("{8BC9CEB8-8B4A-11D0-8D11-00A0C91BC942}") = "NxCanfieldLink", "..\Tools\NxCanfieldLink\NxCanfieldLink.vcxproj", "{D8F5CB4C-8C22-4C68-B66A-9FDACB08E187}"
EndProject
Project("{2150E333-8FDC-42A3-9474-1A3956D46DE8}") = "Controls", "Controls", "{7F1F9BE1-FFA6-4B3B-BCEE-DC49EE5CEDF9}"
EndProject
Project("{2150E333-8FDC-42A3-9474-1A3956D46DE8}") = "DLLs - COM", "DLLs - COM", "{BE9704FA-F84A-4E71-92AD-686A4CAD7E36}"
EndProject
Project("{8BC9CEB8-8B4A-11D0-8D11-00A0C91BC942}") = "NxPdf", "..\Tools\NxPDF\NxPdf.vcxproj", "{69138CAE-E104-4730-A2FF-98EFF65CDB10}"
EndProject
Project("{8BC9CEB8-8B4A-11D0-8D11-00A0C91BC942}") = "NxUnmanaged", "..\Tools\NxUnmanaged\NxUnmanaged\NxUnmanaged.vcxproj", "{F178EF00-1EEF-4CA4-904F-2317C24257C9}"
EndProject
Project("{8BC9CEB8-8B4A-11D0-8D11-00A0C91BC942}") = "Nx3DLib", "..\..\Libraries\Nx3DLib\Nx3DLib.vcxproj", "{362360B5-0417-4A8C-9D90-A9F56A5B5B5F}"
EndProject
Project("{8BC9CEB8-8B4A-11D0-8D11-00A0C91BC942}") = "NxWeb", "..\Tools\NxWeb\NxWeb.vcxproj", "{9BDFA73F-6FF2-4B61-8A62-70AB1BD42DEB}"
EndProject
Project("{8BC9CEB8-8B4A-11D0-8D11-00A0C91BC942}") = "SingleDay", "..\Controls\SingleDay\SingleDay.vcxproj", "{7FE51D33-BA55-423E-8CB5-F582D6BEFD53}"
EndProject
Project("{8BC9CEB8-8B4A-11D0-8D11-00A0C91BC942}") = "RichTextEditor", "..\Controls\NxRichTextEditor\RichTextEditor.vcxproj", "{AF9AE314-B686-4000-AC0E-A1D9290CA169}"
EndProject
Project("{8BC9CEB8-8B4A-11D0-8D11-00A0C91BC942}") = "NxTime", "..\Controls\NxTime\NxTime.vcxproj", "{BD7F20DB-725B-4320-A81D-E3D183789FA2}"
EndProject
Project("{8BC9CEB8-8B4A-11D0-8D11-00A0C91BC942}") = "NxTextBox", "..\Controls\NxTextBox\NxTextBox.vcxproj", "{B7A0C8D1-A9BE-45A5-BD56-E5440D2CB571}"
EndProject
Project("{8BC9CEB8-8B4A-11D0-8D11-00A0C91BC942}") = "NxTab", "..\Controls\NxTab\NxTab.vcxproj", "{F69A23B6-F77A-4679-A4F5-2494D6C4D5E8}"
EndProject
Project("{8BC9CEB8-8B4A-11D0-8D11-00A0C91BC942}") = "NxInkPicture", "..\Controls\NxInkPicture\NxInkPicture.vcxproj", "{4BBA6451-726B-469A-AF4A-A5E62A435FD5}"
EndProject
Project("{8BC9CEB8-8B4A-11D0-8D11-00A0C91BC942}") = "NxDataList2", "..\Controls\NxDatalist2\NxDataList2.vcxproj", "{022D051F-51A9-4F46-A4E2-C122DD322C8B}"
EndProject
Project("{8BC9CEB8-8B4A-11D0-8D11-00A0C91BC942}") = "NxDataList", "..\Controls\NxDatalist\NxDataList.vcxproj", "{7A460534-72C6-451D-B5D4-4CCDA03F33FB}"
EndProject
Project("{8BC9CEB8-8B4A-11D0-8D11-00A0C91BC942}") = "NxColumnGraph", "..\Controls\NxColumnGraph\NxColumnGraph.vcxproj", "{86FABCDC-2626-4F1C-9DAC-2CE374B64C7F}"
EndProject
Project("{8BC9CEB8-8B4A-11D0-8D11-00A0C91BC942}") = "NxColor", "..\Controls\NxColor\NxColor.vcxproj", "{8193BD97-B998-4FA7-8356-79140C004042}"
EndProject
Project("{8BC9CEB8-8B4A-11D0-8D11-00A0C91BC942}") = "Nx3D", "..\Controls\Nx3D\Nx3D.vcxproj", "{6921A246-7125-44ED-A43E-C3887B28162A}"
EndProject
Project("{8BC9CEB8-8B4A-11D0-8D11-00A0C91BC942}") = "NxWindowless", "..\Controls\NxWindowless\NxWindowless.vcxproj", "{D989DFED-6435-4F7A-BC0C-843F4836F024}"
EndProject
Project("{2150E333-8FDC-42A3-9474-1A3956D46DE8}") = "Internal", "Internal", "{332DA351-B3C6-4E1F-858D-C5D6DA145BAF}"
EndProject
Project("{8BC9CEB8-8B4A-11D0-8D11-00A0C91BC942}") = "NxSupport", "..\..\Internal\Support\NxSupport\NxSupport.vcxproj", "{2815B9E0-68EB-449C-8C6B-48A715EC9184}"
EndProject
Project("{2150E333-8FDC-42A3-9474-1A3956D46DE8}") = "Tools", "Tools", "{8968B387-8157-4E48-8893-E18FA4BE33B8}"
EndProject
Project("{8BC9CEB8-8B4A-11D0-8D11-00A0C91BC942}") = "NxEmrImportLib", "..\..\Libraries\NxEmrImportLib\NxEmrImportLib.vcxproj", "{BBEBE550-2718-457F-9595-9A8CD332FCF1}"
EndProject
Project("{8BC9CEB8-8B4A-11D0-8D11-00A0C91BC942}") = "SendError", "..\Tools\SendError\SendError.vcxproj", "{C78F37EE-F0C2-404D-B5F2-7E9F7BE19205}"
EndProject
Project("{8BC9CEB8-8B4A-11D0-8D11-00A0C91BC942}") = "NxServer", "..\Tools\NxServer\NxServer.vcxproj", "{126A3E8D-556A-41A9-95D5-3FD645445EA2}"
EndProject
Project("{8BC9CEB8-8B4A-11D0-8D11-00A0C91BC942}") = "NxServerConfig", "..\Tools\NxServerConfig\NxServerConfig.vcxproj", "{71C4872B-B488-4106-8DCF-03F58DABD823}"
EndProject
Project("{8BC9CEB8-8B4A-11D0-8D11-00A0C91BC942}") = "NxQuery", "..\Tools\NxQuery\NxQuery.vcxproj", "{80DC4BE0-42CE-4B0B-965D-5B2909B68E3B}"
EndProject
Project("{8BC9CEB8-8B4A-11D0-8D11-00A0C91BC942}") = "NxOutlookMonitor", "..\Tools\NxOutlookMonitor\NxOutlookMonitor.vcxproj", "{F2369A0F-919A-4179-8AFF-3B7F4F8DC2F6}"
EndProject
Project("{8BC9CEB8-8B4A-11D0-8D11-00A0C91BC942}") = "NxOutlookAddin", "..\Tools\NxOutlookAddin\NxOutlookAddin.vcxproj", "{F1BC25AC-B78A-445E-A982-1985E38A2F98}"
EndProject
Project("{8BC9CEB8-8B4A-11D0-8D11-00A0C91BC942}") = "NxLicenseServer", "..\Tools\NxLicenseServer\NxLicenseServer.vcxproj", "{B26DCA39-00AB-41F8-9E5A-841BC071C80D}"
EndProject
Project("{8BC9CEB8-8B4A-11D0-8D11-00A0C91BC942}") = "NxLicenseConfig", "..\Tools\NxLicenseConfig\NxLicenseConfig.vcxproj", "{9D53D356-D20D-4589-B858-0F98A722DEAB}"
EndProject
Project("{8BC9CEB8-8B4A-11D0-8D11-00A0C91BC942}") = "NxAttach", "..\Tools\NxAttach\NxAttach.vcxproj", "{12D15CB5-06F2-42D5-96AB-9E4FA2A005D9}"
EndProject
Project("{8BC9CEB8-8B4A-11D0-8D11-00A0C91BC942}") = "LockMonitor", "..\Tools\LockMonitor\LockMonitor.vcxproj", "{198CFAFE-B68D-49CA-BC8A-7FD62F6F4B7D}"
EndProject
Project("{8BC9CEB8-8B4A-11D0-8D11-00A0C91BC942}") = "NexEMRExporter", "..\Tools\NexEMRExporter\NexEMRExporter.vcxproj", "{FFED41CB-8BB6-4C6A-800E-54ECCF16E1FF}"
EndProject
Project("{8BC9CEB8-8B4A-11D0-8D11-00A0C91BC942}") = "NexEMRImporter", "..\Tools\NexEMRImporter\NexEMRImporter.vcxproj", "{B89BDC1D-F89C-46A3-B8D2-95E682F91925}"
EndProject
Project("{8BC9CEB8-8B4A-11D0-8D11-00A0C91BC942}") = "NexFormsExporter", "..\Tools\NexFormsExporter\NexFormsExporter.vcxproj", "{3F3A636D-74B6-4188-B7B0-06842A1AE62E}"
EndProject
Project("{8BC9CEB8-8B4A-11D0-8D11-00A0C91BC942}") = "NxRegCfg", "..\Tools\NxDock\NxRegCfg.vcxproj", "{088842AC-497B-4351-89E2-B0CAAD0CBCBB}"
EndProject
Project("{8BC9CEB8-8B4A-11D0-8D11-00A0C91BC942}") = "NxServiceLib", "..\..\Libraries\NxServiceLib\NxServiceLib.vcxproj", "{3A4AFC32-EF2D-4C30-A667-1683A5D12A8C}"
EndProject
Project("{8BC9CEB8-8B4A-11D0-8D11-00A0C91BC942}") = "NxMergeEngine", "..\Tools\NxMergeEngine\NxMergeEngine.vcxproj", "{53909ECA-7D4C-4889-843B-8ED36B827D6C}"
EndProject
Project("{8BC9CEB8-8B4A-11D0-8D11-00A0C91BC942}") = "upgrade", "..\Tools\Upgrade\upgrade.vcxproj", "{48568719-2DBE-4EF9-A1F3-B727562A88FF}"
EndProject
Project("{8BC9CEB8-8B4A-11D0-8D11-00A0C91BC942}") = "NxCaptureSig", "..\Tools\NxCaptureSig\NxCaptureSig.vcxproj", "{838F5A9D-CDAE-4F9E-BA2F-E641DCB6CB21}"
EndProject
Project("{2150E333-8FDC-42A3-9474-1A3956D46DE8}") = "ASCExporters", "ASCExporters", "{37AE94C1-E235-4E60-B6C9-D412867C5074}"
EndProject
Project("{8BC9CEB8-8B4A-11D0-8D11-00A0C91BC942}") = "KYIPOPExport", "..\Tools\ASCExporters\KYIPOPExport\KYIPOPExport\KYIPOPExport.vcxproj", "{98105AE8-D61F-4605-971C-B30AF7112891}"
EndProject
Project("{8BC9CEB8-8B4A-11D0-8D11-00A0C91BC942}") = "NxReportLib", "..\..\Libraries\NxReportLib\NxReportLib.vcxproj", "{F5496635-59E8-4D5E-96A4-B3F44370ECA6}"
EndProject
Project("{8BC9CEB8-8B4A-11D0-8D11-00A0C91BC942}") = "NxCrypto", "..\Tools\NxCrypto\NxCrypto.vcxproj", "{778D0305-5B0B-45A8-B617-05C9AEBF5F3B}"
EndProject
Project("{8BC9CEB8-8B4A-11D0-8D11-00A0C91BC942}") = "NxInternalLib", "..\..\Libraries\NxInternalLib\NxInternalLib.vcxproj", "{5827F8C0-239E-4C5B-85A1-45BBCDD5334C}"
EndProject
Project("{8BC9CEB8-8B4A-11D0-8D11-00A0C91BC942}") = "NxWordProcessorLib", "..\..\Libraries\NxWordProcessorLib\NxWordProcessorLib.vcxproj", "{ECDA2032-F3DB-4E06-8997-6300CFBE2336}"
EndProject
Project("{FAE04EC0-301F-11D3-BF4B-00C04F79EFBC}") = "NexTech.Accessor", "..\Tools\NexTech.Accessor\NexTech.Accessor.csproj", "{EBC9B6E6-FD40-44A6-B19F-F826A65CA1D2}"
EndProject
Project("{FAE04EC0-301F-11D3-BF4B-00C04F79EFBC}") = "NexTech.Utilities", "..\Tools\NexTech.Utilities\NexTech.Utilities.csproj", "{68DD6DC0-D301-4AD7-B7AC-A94352A157D5}"
EndProject
Project("{8BC9CEB8-8B4A-11D0-8D11-00A0C91BC942}") = "NxReportGeneratorStub", "..\Tools\NxReportGeneratorStub\NxReportGeneratorStub\NxReportGeneratorStub.vcxproj", "{11341BA6-4D40-4933-9777-BB4BD8652F7F}"
EndProject
Project("{8BC9CEB8-8B4A-11D0-8D11-00A0C91BC942}") = "NxWTSVirtualChannelLib", "..\..\Libraries\NxWTSVirtualChannelLib\NxWTSVirtualChannelLib.vcxproj", "{6E8EEFA2-6A03-4E48-A6B1-AF69C8738824}"
EndProject
Global
	GlobalSection(SolutionConfigurationPlatforms) = preSolution
		Debug|Any CPU = Debug|Any CPU
		Debug|Win32 = Debug|Win32
		Debug|x64 = Debug|x64
		Release|Any CPU = Release|Any CPU
		Release|Win32 = Release|Win32
		Release|x64 = Release|x64
	EndGlobalSection
	GlobalSection(ProjectConfigurationPlatforms) = postSolution
		{B26E3700-D330-49B0-9A1C-5D61B48F9D12}.Debug|Any CPU.ActiveCfg = Debug|Win32
		{B26E3700-D330-49B0-9A1C-5D61B48F9D12}.Debug|Win32.ActiveCfg = Debug|Win32
		{B26E3700-D330-49B0-9A1C-5D61B48F9D12}.Debug|Win32.Build.0 = Debug|Win32
		{B26E3700-D330-49B0-9A1C-5D61B48F9D12}.Debug|x64.ActiveCfg = Debug|Win32
		{B26E3700-D330-49B0-9A1C-5D61B48F9D12}.Release|Any CPU.ActiveCfg = Release|Win32
		{B26E3700-D330-49B0-9A1C-5D61B48F9D12}.Release|Win32.ActiveCfg = Release|Win32
		{B26E3700-D330-49B0-9A1C-5D61B48F9D12}.Release|Win32.Build.0 = Release|Win32
		{B26E3700-D330-49B0-9A1C-5D61B48F9D12}.Release|x64.ActiveCfg = Release|Win32
		{DFC376DE-831F-45D1-96CD-779DC9D95F80}.Debug|Any CPU.ActiveCfg = Debug|Win32
		{DFC376DE-831F-45D1-96CD-779DC9D95F80}.Debug|Win32.ActiveCfg = Debug|Win32
		{DFC376DE-831F-45D1-96CD-779DC9D95F80}.Debug|Win32.Build.0 = Debug|Win32
		{DFC376DE-831F-45D1-96CD-779DC9D95F80}.Debug|x64.ActiveCfg = Debug|Win32
		{DFC376DE-831F-45D1-96CD-779DC9D95F80}.Release|Any CPU.ActiveCfg = Release|Win32
		{DFC376DE-831F-45D1-96CD-779DC9D95F80}.Release|Win32.ActiveCfg = Release|Win32
		{DFC376DE-831F-45D1-96CD-779DC9D95F80}.Release|Win32.Build.0 = Release|Win32
		{DFC376DE-831F-45D1-96CD-779DC9D95F80}.Release|x64.ActiveCfg = Release|Win32
		{0A8D12DB-03C2-412E-9117-A3EA3FCE9C83}.Debug|Any CPU.ActiveCfg = Debug|Win32
		{0A8D12DB-03C2-412E-9117-A3EA3FCE9C83}.Debug|Win32.ActiveCfg = Debug|Win32
		{0A8D12DB-03C2-412E-9117-A3EA3FCE9C83}.Debug|Win32.Build.0 = Debug|Win32
		{0A8D12DB-03C2-412E-9117-A3EA3FCE9C83}.Debug|x64.ActiveCfg = Debug|Win32
		{0A8D12DB-03C2-412E-9117-A3EA3FCE9C83}.Release|Any CPU.ActiveCfg = Release|Win32
		{0A8D12DB-03C2-412E-9117-A3EA3FCE9C83}.Release|Win32.ActiveCfg = Release|Win32
		{0A8D12DB-03C2-412E-9117-A3EA3FCE9C83}.Release|Win32.Build.0 = Release|Win32
		{0A8D12DB-03C2-412E-9117-A3EA3FCE9C83}.Release|x64.ActiveCfg = Release|Win32
		{150A3920-32BC-40AD-9302-0453983D5527}.Debug|Any CPU.ActiveCfg = Debug|Win32
		{150A3920-32BC-40AD-9302-0453983D5527}.Debug|Win32.ActiveCfg = Debug|Win32
		{150A3920-32BC-40AD-9302-0453983D5527}.Debug|Win32.Build.0 = Debug|Win32
		{150A3920-32BC-40AD-9302-0453983D5527}.Debug|x64.ActiveCfg = Debug|Win32
		{150A3920-32BC-40AD-9302-0453983D5527}.Release|Any CPU.ActiveCfg = Release|Win32
		{150A3920-32BC-40AD-9302-0453983D5527}.Release|Win32.ActiveCfg = Release|Win32
		{150A3920-32BC-40AD-9302-0453983D5527}.Release|Win32.Build.0 = Release|Win32
		{150A3920-32BC-40AD-9302-0453983D5527}.Release|x64.ActiveCfg = Release|Win32
		{BACBB188-61C3-43FA-8917-4BDC4EDA1748}.Debug|Any CPU.ActiveCfg = Debug|Win32
		{BACBB188-61C3-43FA-8917-4BDC4EDA1748}.Debug|Win32.ActiveCfg = Debug|Win32
		{BACBB188-61C3-43FA-8917-4BDC4EDA1748}.Debug|Win32.Build.0 = Debug|Win32
		{BACBB188-61C3-43FA-8917-4BDC4EDA1748}.Debug|x64.ActiveCfg = Debug|Win32
		{BACBB188-61C3-43FA-8917-4BDC4EDA1748}.Release|Any CPU.ActiveCfg = Release|Win32
		{BACBB188-61C3-43FA-8917-4BDC4EDA1748}.Release|Win32.ActiveCfg = Release|Win32
		{BACBB188-61C3-43FA-8917-4BDC4EDA1748}.Release|Win32.Build.0 = Release|Win32
		{BACBB188-61C3-43FA-8917-4BDC4EDA1748}.Release|x64.ActiveCfg = Release|Win32
		{84E4EC76-1373-4775-B201-2B3805EE268F}.Debug|Any CPU.ActiveCfg = Debug|Win32
		{84E4EC76-1373-4775-B201-2B3805EE268F}.Debug|Win32.ActiveCfg = Debug|Win32
		{84E4EC76-1373-4775-B201-2B3805EE268F}.Debug|Win32.Build.0 = Debug|Win32
		{84E4EC76-1373-4775-B201-2B3805EE268F}.Debug|x64.ActiveCfg = Debug|Win32
		{84E4EC76-1373-4775-B201-2B3805EE268F}.Release|Any CPU.ActiveCfg = Release|Win32
		{84E4EC76-1373-4775-B201-2B3805EE268F}.Release|Win32.ActiveCfg = Release|Win32
		{84E4EC76-1373-4775-B201-2B3805EE268F}.Release|Win32.Build.0 = Release|Win32
		{84E4EC76-1373-4775-B201-2B3805EE268F}.Release|x64.ActiveCfg = Release|Win32
		{372D72D9-F21F-49F6-8017-B400D1251BCB}.Debug|Any CPU.ActiveCfg = Debug|Win32
		{372D72D9-F21F-49F6-8017-B400D1251BCB}.Debug|Win32.ActiveCfg = Debug|Win32
		{372D72D9-F21F-49F6-8017-B400D1251BCB}.Debug|Win32.Build.0 = Debug|Win32
		{372D72D9-F21F-49F6-8017-B400D1251BCB}.Debug|x64.ActiveCfg = Debug|Win32
		{372D72D9-F21F-49F6-8017-B400D1251BCB}.Release|Any CPU.ActiveCfg = Release|Win32
		{372D72D9-F21F-49F6-8017-B400D1251BCB}.Release|Win32.ActiveCfg = Release|Win32
		{372D72D9-F21F-49F6-8017-B400D1251BCB}.Release|Win32.Build.0 = Release|Win32
		{372D72D9-F21F-49F6-8017-B400D1251BCB}.Release|x64.ActiveCfg = Release|Win32
		{816A844B-36E8-4E4D-A141-B084A1C8300D}.Debug|Any CPU.ActiveCfg = Debug|Win32
		{816A844B-36E8-4E4D-A141-B084A1C8300D}.Debug|Win32.ActiveCfg = Debug|Win32
		{816A844B-36E8-4E4D-A141-B084A1C8300D}.Debug|Win32.Build.0 = Debug|Win32
		{816A844B-36E8-4E4D-A141-B084A1C8300D}.Debug|x64.ActiveCfg = Debug|Win32
		{816A844B-36E8-4E4D-A141-B084A1C8300D}.Release|Any CPU.ActiveCfg = Release|Win32
		{816A844B-36E8-4E4D-A141-B084A1C8300D}.Release|Win32.ActiveCfg = Release|Win32
		{816A844B-36E8-4E4D-A141-B084A1C8300D}.Release|Win32.Build.0 = Release|Win32
		{816A844B-36E8-4E4D-A141-B084A1C8300D}.Release|x64.ActiveCfg = Release|Win32
		{7035A4A6-F6A4-4591-978A-624ACEC9908B}.Debug|Any CPU.ActiveCfg = Debug|Win32
		{7035A4A6-F6A4-4591-978A-624ACEC9908B}.Debug|Win32.ActiveCfg = Debug|Win32
		{7035A4A6-F6A4-4591-978A-624ACEC9908B}.Debug|Win32.Build.0 = Debug|Win32
		{7035A4A6-F6A4-4591-978A-624ACEC9908B}.Debug|x64.ActiveCfg = Debug|Win32
		{7035A4A6-F6A4-4591-978A-624ACEC9908B}.Release|Any CPU.ActiveCfg = Release|Win32
		{7035A4A6-F6A4-4591-978A-624ACEC9908B}.Release|Win32.ActiveCfg = Release|Win32
		{7035A4A6-F6A4-4591-978A-624ACEC9908B}.Release|Win32.Build.0 = Release|Win32
		{7035A4A6-F6A4-4591-978A-624ACEC9908B}.Release|x64.ActiveCfg = Release|Win32
		{7B16B85A-07FD-4F6A-BBBD-6A5E49B88FD0}.Debug|Any CPU.ActiveCfg = Debug|Win32
		{7B16B85A-07FD-4F6A-BBBD-6A5E49B88FD0}.Debug|Win32.ActiveCfg = Debug|Win32
		{7B16B85A-07FD-4F6A-BBBD-6A5E49B88FD0}.Debug|Win32.Build.0 = Debug|Win32
		{7B16B85A-07FD-4F6A-BBBD-6A5E49B88FD0}.Debug|x64.ActiveCfg = Debug|Win32
		{7B16B85A-07FD-4F6A-BBBD-6A5E49B88FD0}.Release|Any CPU.ActiveCfg = Release|Win32
		{7B16B85A-07FD-4F6A-BBBD-6A5E49B88FD0}.Release|Win32.ActiveCfg = Release|Win32
		{7B16B85A-07FD-4F6A-BBBD-6A5E49B88FD0}.Release|Win32.Build.0 = Release|Win32
		{7B16B85A-07FD-4F6A-BBBD-6A5E49B88FD0}.Release|x64.ActiveCfg = Release|Win32
		{A5498C19-009A-4D9B-B8BC-A1926F1AE327}.Debug|Any CPU.ActiveCfg = Debug|Win32
		{A5498C19-009A-4D9B-B8BC-A1926F1AE327}.Debug|Win32.ActiveCfg = Debug|Win32
		{A5498C19-009A-4D9B-B8BC-A1926F1AE327}.Debug|Win32.Build.0 = Debug|Win32
		{A5498C19-009A-4D9B-B8BC-A1926F1AE327}.Debug|x64.ActiveCfg = Debug|Win32
		{A5498C19-009A-4D9B-B8BC-A1926F1AE327}.Release|Any CPU.ActiveCfg = Release|Win32
		{A5498C19-009A-4D9B-B8BC-A1926F1AE327}.Release|Win32.ActiveCfg = Release|Win32
		{A5498C19-009A-4D9B-B8BC-A1926F1AE327}.Release|Win32.Build.0 = Release|Win32
		{A5498C19-009A-4D9B-B8BC-A1926F1AE327}.Release|x64.ActiveCfg = Release|Win32
		{0C0BF8F3-C0FD-42BA-B810-AFE7C60B20CA}.Debug|Any CPU.ActiveCfg = Debug|Win32
		{0C0BF8F3-C0FD-42BA-B810-AFE7C60B20CA}.Debug|Win32.ActiveCfg = Debug|Win32
		{0C0BF8F3-C0FD-42BA-B810-AFE7C60B20CA}.Debug|Win32.Build.0 = Debug|Win32
		{0C0BF8F3-C0FD-42BA-B810-AFE7C60B20CA}.Debug|x64.ActiveCfg = Debug|Win32
		{0C0BF8F3-C0FD-42BA-B810-AFE7C60B20CA}.Release|Any CPU.ActiveCfg = Release|Win32
		{0C0BF8F3-C0FD-42BA-B810-AFE7C60B20CA}.Release|Win32.ActiveCfg = Release|Win32
		{0C0BF8F3-C0FD-42BA-B810-AFE7C60B20CA}.Release|Win32.Build.0 = Release|Win32
		{0C0BF8F3-C0FD-42BA-B810-AFE7C60B20CA}.Release|x64.ActiveCfg = Release|Win32
		{481E2C38-3A15-462E-852D-72B2C6BC6118}.Debug|Any CPU.ActiveCfg = Debug|Win32
		{481E2C38-3A15-462E-852D-72B2C6BC6118}.Debug|Win32.ActiveCfg = Debug|Win32
		{481E2C38-3A15-462E-852D-72B2C6BC6118}.Debug|Win32.Build.0 = Debug|Win32
		{481E2C38-3A15-462E-852D-72B2C6BC6118}.Debug|x64.ActiveCfg = Debug|Win32
		{481E2C38-3A15-462E-852D-72B2C6BC6118}.Release|Any CPU.ActiveCfg = Release|Win32
		{481E2C38-3A15-462E-852D-72B2C6BC6118}.Release|Win32.ActiveCfg = Release|Win32
		{481E2C38-3A15-462E-852D-72B2C6BC6118}.Release|Win32.Build.0 = Release|Win32
		{481E2C38-3A15-462E-852D-72B2C6BC6118}.Release|x64.ActiveCfg = Release|Win32
		{0B1E4CFD-2DFE-42C6-9ED3-49926ECA4544}.Debug|Any CPU.ActiveCfg = Debug|Win32
		{0B1E4CFD-2DFE-42C6-9ED3-49926ECA4544}.Debug|Win32.ActiveCfg = Debug|Win32
		{0B1E4CFD-2DFE-42C6-9ED3-49926ECA4544}.Debug|Win32.Build.0 = Debug|Win32
		{0B1E4CFD-2DFE-42C6-9ED3-49926ECA4544}.Debug|x64.ActiveCfg = Debug|Win32
		{0B1E4CFD-2DFE-42C6-9ED3-49926ECA4544}.Release|Any CPU.ActiveCfg = Release|Win32
		{0B1E4CFD-2DFE-42C6-9ED3-49926ECA4544}.Release|Win32.ActiveCfg = Release|Win32
		{0B1E4CFD-2DFE-42C6-9ED3-49926ECA4544}.Release|Win32.Build.0 = Release|Win32
		{0B1E4CFD-2DFE-42C6-9ED3-49926ECA4544}.Release|x64.ActiveCfg = Release|Win32
		{20B6F13A-AAF8-4D6D-A846-7859D34598D3}.Debug|Any CPU.ActiveCfg = Debug|Win32
		{20B6F13A-AAF8-4D6D-A846-7859D34598D3}.Debug|Win32.ActiveCfg = Debug|Win32
		{20B6F13A-AAF8-4D6D-A846-7859D34598D3}.Debug|Win32.Build.0 = Debug|Win32
		{20B6F13A-AAF8-4D6D-A846-7859D34598D3}.Debug|x64.ActiveCfg = Debug|Win32
		{20B6F13A-AAF8-4D6D-A846-7859D34598D3}.Release|Any CPU.ActiveCfg = Release|Win32
		{20B6F13A-AAF8-4D6D-A846-7859D34598D3}.Release|Win32.ActiveCfg = Release|Win32
		{20B6F13A-AAF8-4D6D-A846-7859D34598D3}.Release|Win32.Build.0 = Release|Win32
		{20B6F13A-AAF8-4D6D-A846-7859D34598D3}.Release|x64.ActiveCfg = Release|Win32
		{D8F5CB4C-8C22-4C68-B66A-9FDACB08E187}.Debug|Any CPU.ActiveCfg = Debug|Win32
		{D8F5CB4C-8C22-4C68-B66A-9FDACB08E187}.Debug|Win32.ActiveCfg = Debug|Win32
		{D8F5CB4C-8C22-4C68-B66A-9FDACB08E187}.Debug|Win32.Build.0 = Debug|Win32
		{D8F5CB4C-8C22-4C68-B66A-9FDACB08E187}.Debug|x64.ActiveCfg = Debug|Win32
		{D8F5CB4C-8C22-4C68-B66A-9FDACB08E187}.Release|Any CPU.ActiveCfg = Release|Win32
		{D8F5CB4C-8C22-4C68-B66A-9FDACB08E187}.Release|Win32.ActiveCfg = Release|Win32
		{D8F5CB4C-8C22-4C68-B66A-9FDACB08E187}.Release|Win32.Build.0 = Release|Win32
		{D8F5CB4C-8C22-4C68-B66A-9FDACB08E187}.Release|x64.ActiveCfg = Release|Win32
		{69138CAE-E104-4730-A2FF-98EFF65CDB10}.Debug|Any CPU.ActiveCfg = Debug|Win32
		{69138CAE-E104-4730-A2FF-98EFF65CDB10}.Debug|Win32.ActiveCfg = Debug|Win32
		{69138CAE-E104-4730-A2FF-98EFF65CDB10}.Debug|Win32.Build.0 = Debug|Win32
		{69138CAE-E104-4730-A2FF-98EFF65CDB10}.Debug|x64.ActiveCfg = Debug|Win32
		{69138CAE-E104-4730-A2FF-98EFF65CDB10}.Release|Any CPU.ActiveCfg = Release|Win32
		{69138CAE-E104-4730-A2FF-98EFF65CDB10}.Release|Win32.ActiveCfg = Release|Win32
		{69138CAE-E104-4730-A2FF-98EFF65CDB10}.Release|Win32.Build.0 = Release|Win32
		{69138CAE-E104-4730-A2FF-98EFF65CDB10}.Release|x64.ActiveCfg = Release|Win32
		{F178EF00-1EEF-4CA4-904F-2317C24257C9}.Debug|Any CPU.ActiveCfg = Debug|Win32
		{F178EF00-1EEF-4CA4-904F-2317C24257C9}.Debug|Win32.ActiveCfg = Debug|Win32
		{F178EF00-1EEF-4CA4-904F-2317C24257C9}.Debug|Win32.Build.0 = Debug|Win32
		{F178EF00-1EEF-4CA4-904F-2317C24257C9}.Debug|x64.ActiveCfg = Debug|Win32
		{F178EF00-1EEF-4CA4-904F-2317C24257C9}.Release|Any CPU.ActiveCfg = Release|Win32
		{F178EF00-1EEF-4CA4-904F-2317C24257C9}.Release|Win32.ActiveCfg = Release|Win32
		{F178EF00-1EEF-4CA4-904F-2317C24257C9}.Release|Win32.Build.0 = Release|Win32
		{F178EF00-1EEF-4CA4-904F-2317C24257C9}.Release|x64.ActiveCfg = Release|Win32
		{362360B5-0417-4A8C-9D90-A9F56A5B5B5F}.Debug|Any CPU.ActiveCfg = Debug|Win32
		{362360B5-0417-4A8C-9D90-A9F56A5B5B5F}.Debug|Win32.ActiveCfg = Debug|Win32
		{362360B5-0417-4A8C-9D90-A9F56A5B5B5F}.Debug|Win32.Build.0 = Debug|Win32
		{362360B5-0417-4A8C-9D90-A9F56A5B5B5F}.Debug|x64.ActiveCfg = Debug|Win32
		{362360B5-0417-4A8C-9D90-A9F56A5B5B5F}.Release|Any CPU.ActiveCfg = Release|Win32
		{362360B5-0417-4A8C-9D90-A9F56A5B5B5F}.Release|Win32.ActiveCfg = Release|Win32
		{362360B5-0417-4A8C-9D90-A9F56A5B5B5F}.Release|Win32.Build.0 = Release|Win32
		{362360B5-0417-4A8C-9D90-A9F56A5B5B5F}.Release|x64.ActiveCfg = Release|Win32
		{9BDFA73F-6FF2-4B61-8A62-70AB1BD42DEB}.Debug|Any CPU.ActiveCfg = Debug|Win32
		{9BDFA73F-6FF2-4B61-8A62-70AB1BD42DEB}.Debug|Win32.ActiveCfg = Debug|Win32
		{9BDFA73F-6FF2-4B61-8A62-70AB1BD42DEB}.Debug|Win32.Build.0 = Debug|Win32
		{9BDFA73F-6FF2-4B61-8A62-70AB1BD42DEB}.Debug|x64.ActiveCfg = Debug|Win32
		{9BDFA73F-6FF2-4B61-8A62-70AB1BD42DEB}.Release|Any CPU.ActiveCfg = Release|Win32
		{9BDFA73F-6FF2-4B61-8A62-70AB1BD42DEB}.Release|Win32.ActiveCfg = Release|Win32
		{9BDFA73F-6FF2-4B61-8A62-70AB1BD42DEB}.Release|Win32.Build.0 = Release|Win32
		{9BDFA73F-6FF2-4B61-8A62-70AB1BD42DEB}.Release|x64.ActiveCfg = Release|Win32
		{7FE51D33-BA55-423E-8CB5-F582D6BEFD53}.Debug|Any CPU.ActiveCfg = Debug|Win32
		{7FE51D33-BA55-423E-8CB5-F582D6BEFD53}.Debug|Win32.ActiveCfg = Debug|Win32
		{7FE51D33-BA55-423E-8CB5-F582D6BEFD53}.Debug|Win32.Build.0 = Debug|Win32
		{7FE51D33-BA55-423E-8CB5-F582D6BEFD53}.Debug|x64.ActiveCfg = Debug|Win32
		{7FE51D33-BA55-423E-8CB5-F582D6BEFD53}.Release|Any CPU.ActiveCfg = Release|Win32
		{7FE51D33-BA55-423E-8CB5-F582D6BEFD53}.Release|Win32.ActiveCfg = Release|Win32
		{7FE51D33-BA55-423E-8CB5-F582D6BEFD53}.Release|Win32.Build.0 = Release|Win32
		{7FE51D33-BA55-423E-8CB5-F582D6BEFD53}.Release|x64.ActiveCfg = Release|Win32
		{AF9AE314-B686-4000-AC0E-A1D9290CA169}.Debug|Any CPU.ActiveCfg = Debug|Win32
		{AF9AE314-B686-4000-AC0E-A1D9290CA169}.Debug|Win32.ActiveCfg = Debug|Win32
		{AF9AE314-B686-4000-AC0E-A1D9290CA169}.Debug|Win32.Build.0 = Debug|Win32
		{AF9AE314-B686-4000-AC0E-A1D9290CA169}.Debug|x64.ActiveCfg = Debug|Win32
		{AF9AE314-B686-4000-AC0E-A1D9290CA169}.Release|Any CPU.ActiveCfg = Release|Win32
		{AF9AE314-B686-4000-AC0E-A1D9290CA169}.Release|Win32.ActiveCfg = Release|Win32
		{AF9AE314-B686-4000-AC0E-A1D9290CA169}.Release|Win32.Build.0 = Release|Win32
		{AF9AE314-B686-4000-AC0E-A1D9290CA169}.Release|x64.ActiveCfg = Release|Win32
		{BD7F20DB-725B-4320-A81D-E3D183789FA2}.Debug|Any CPU.ActiveCfg = Debug|Win32
		{BD7F20DB-725B-4320-A81D-E3D183789FA2}.Debug|Win32.ActiveCfg = Debug|Win32
		{BD7F20DB-725B-4320-A81D-E3D183789FA2}.Debug|Win32.Build.0 = Debug|Win32
		{BD7F20DB-725B-4320-A81D-E3D183789FA2}.Debug|x64.ActiveCfg = Debug|Win32
		{BD7F20DB-725B-4320-A81D-E3D183789FA2}.Release|Any CPU.ActiveCfg = Release|Win32
		{BD7F20DB-725B-4320-A81D-E3D183789FA2}.Release|Win32.ActiveCfg = Release|Win32
		{BD7F20DB-725B-4320-A81D-E3D183789FA2}.Release|Win32.Build.0 = Release|Win32
		{BD7F20DB-725B-4320-A81D-E3D183789FA2}.Release|x64.ActiveCfg = Release|Win32
		{B7A0C8D1-A9BE-45A5-BD56-E5440D2CB571}.Debug|Any CPU.ActiveCfg = Debug|Win32
		{B7A0C8D1-A9BE-45A5-BD56-E5440D2CB571}.Debug|Win32.ActiveCfg = Debug|Win32
		{B7A0C8D1-A9BE-45A5-BD56-E5440D2CB571}.Debug|Win32.Build.0 = Debug|Win32
		{B7A0C8D1-A9BE-45A5-BD56-E5440D2CB571}.Debug|x64.ActiveCfg = Debug|Win32
		{B7A0C8D1-A9BE-45A5-BD56-E5440D2CB571}.Release|Any CPU.ActiveCfg = Release|Win32
		{B7A0C8D1-A9BE-45A5-BD56-E5440D2CB571}.Release|Win32.ActiveCfg = Release|Win32
		{B7A0C8D1-A9BE-45A5-BD56-E5440D2CB571}.Release|Win32.Build.0 = Release|Win32
		{B7A0C8D1-A9BE-45A5-BD56-E5440D2CB571}.Release|x64.ActiveCfg = Release|Win32
		{F69A23B6-F77A-4679-A4F5-2494D6C4D5E8}.Debug|Any CPU.ActiveCfg = Debug|Win32
		{F69A23B6-F77A-4679-A4F5-2494D6C4D5E8}.Debug|Win32.ActiveCfg = Debug|Win32
		{F69A23B6-F77A-4679-A4F5-2494D6C4D5E8}.Debug|Win32.Build.0 = Debug|Win32
		{F69A23B6-F77A-4679-A4F5-2494D6C4D5E8}.Debug|x64.ActiveCfg = Debug|Win32
		{F69A23B6-F77A-4679-A4F5-2494D6C4D5E8}.Release|Any CPU.ActiveCfg = Release|Win32
		{F69A23B6-F77A-4679-A4F5-2494D6C4D5E8}.Release|Win32.ActiveCfg = Release|Win32
		{F69A23B6-F77A-4679-A4F5-2494D6C4D5E8}.Release|Win32.Build.0 = Release|Win32
		{F69A23B6-F77A-4679-A4F5-2494D6C4D5E8}.Release|x64.ActiveCfg = Release|Win32
		{4BBA6451-726B-469A-AF4A-A5E62A435FD5}.Debug|Any CPU.ActiveCfg = Debug|Win32
		{4BBA6451-726B-469A-AF4A-A5E62A435FD5}.Debug|Win32.ActiveCfg = Debug|Win32
		{4BBA6451-726B-469A-AF4A-A5E62A435FD5}.Debug|Win32.Build.0 = Debug|Win32
		{4BBA6451-726B-469A-AF4A-A5E62A435FD5}.Debug|x64.ActiveCfg = Debug|Win32
		{4BBA6451-726B-469A-AF4A-A5E62A435FD5}.Release|Any CPU.ActiveCfg = Release|Win32
		{4BBA6451-726B-469A-AF4A-A5E62A435FD5}.Release|Win32.ActiveCfg = Release|Win32
		{4BBA6451-726B-469A-AF4A-A5E62A435FD5}.Release|Win32.Build.0 = Release|Win32
		{4BBA6451-726B-469A-AF4A-A5E62A435FD5}.Release|x64.ActiveCfg = Release|Win32
		{022D051F-51A9-4F46-A4E2-C122DD322C8B}.Debug|Any CPU.ActiveCfg = Debug|Win32
		{022D051F-51A9-4F46-A4E2-C122DD322C8B}.Debug|Win32.ActiveCfg = Debug|Win32
		{022D051F-51A9-4F46-A4E2-C122DD322C8B}.Debug|Win32.Build.0 = Debug|Win32
		{022D051F-51A9-4F46-A4E2-C122DD322C8B}.Debug|x64.ActiveCfg = Debug|Win32
		{022D051F-51A9-4F46-A4E2-C122DD322C8B}.Release|Any CPU.ActiveCfg = Release|Win32
		{022D051F-51A9-4F46-A4E2-C122DD322C8B}.Release|Win32.ActiveCfg = Release|Win32
		{022D051F-51A9-4F46-A4E2-C122DD322C8B}.Release|Win32.Build.0 = Release|Win32
		{022D051F-51A9-4F46-A4E2-C122DD322C8B}.Release|x64.ActiveCfg = Release|Win32
		{7A460534-72C6-451D-B5D4-4CCDA03F33FB}.Debug|Any CPU.ActiveCfg = Debug|Win32
		{7A460534-72C6-451D-B5D4-4CCDA03F33FB}.Debug|Win32.ActiveCfg = Debug|Win32
		{7A460534-72C6-451D-B5D4-4CCDA03F33FB}.Debug|Win32.Build.0 = Debug|Win32
		{7A460534-72C6-451D-B5D4-4CCDA03F33FB}.Debug|x64.ActiveCfg = Debug|Win32
		{7A460534-72C6-451D-B5D4-4CCDA03F33FB}.Release|Any CPU.ActiveCfg = Release|Win32
		{7A460534-72C6-451D-B5D4-4CCDA03F33FB}.Release|Win32.ActiveCfg = Release|Win32
		{7A460534-72C6-451D-B5D4-4CCDA03F33FB}.Release|Win32.Build.0 = Release|Win32
		{7A460534-72C6-451D-B5D4-4CCDA03F33FB}.Release|x64.ActiveCfg = Release|Win32
		{86FABCDC-2626-4F1C-9DAC-2CE374B64C7F}.Debug|Any CPU.ActiveCfg = Debug|Win32
		{86FABCDC-2626-4F1C-9DAC-2CE374B64C7F}.Debug|Win32.ActiveCfg = Debug|Win32
		{86FABCDC-2626-4F1C-9DAC-2CE374B64C7F}.Debug|Win32.Build.0 = Debug|Win32
		{86FABCDC-2626-4F1C-9DAC-2CE374B64C7F}.Debug|x64.ActiveCfg = Debug|Win32
		{86FABCDC-2626-4F1C-9DAC-2CE374B64C7F}.Release|Any CPU.ActiveCfg = Release|Win32
		{86FABCDC-2626-4F1C-9DAC-2CE374B64C7F}.Release|Win32.ActiveCfg = Release|Win32
		{86FABCDC-2626-4F1C-9DAC-2CE374B64C7F}.Release|Win32.Build.0 = Release|Win32
		{86FABCDC-2626-4F1C-9DAC-2CE374B64C7F}.Release|x64.ActiveCfg = Release|Win32
		{8193BD97-B998-4FA7-8356-79140C004042}.Debug|Any CPU.ActiveCfg = Debug|Win32
		{8193BD97-B998-4FA7-8356-79140C004042}.Debug|Win32.ActiveCfg = Debug|Win32
		{8193BD97-B998-4FA7-8356-79140C004042}.Debug|Win32.Build.0 = Debug|Win32
		{8193BD97-B998-4FA7-8356-79140C004042}.Debug|x64.ActiveCfg = Debug|Win32
		{8193BD97-B998-4FA7-8356-79140C004042}.Release|Any CPU.ActiveCfg = Release|Win32
		{8193BD97-B998-4FA7-8356-79140C004042}.Release|Win32.ActiveCfg = Release|Win32
		{8193BD97-B998-4FA7-8356-79140C004042}.Release|Win32.Build.0 = Release|Win32
		{8193BD97-B998-4FA7-8356-79140C004042}.Release|x64.ActiveCfg = Release|Win32
		{6921A246-7125-44ED-A43E-C3887B28162A}.Debug|Any CPU.ActiveCfg = Debug|Win32
		{6921A246-7125-44ED-A43E-C3887B28162A}.Debug|Win32.ActiveCfg = Debug|Win32
		{6921A246-7125-44ED-A43E-C3887B28162A}.Debug|Win32.Build.0 = Debug|Win32
		{6921A246-7125-44ED-A43E-C3887B28162A}.Debug|x64.ActiveCfg = Debug|Win32
		{6921A246-7125-44ED-A43E-C3887B28162A}.Release|Any CPU.ActiveCfg = Release|Win32
		{6921A246-7125-44ED-A43E-C3887B28162A}.Release|Win32.ActiveCfg = Release|Win32
		{6921A246-7125-44ED-A43E-C3887B28162A}.Release|Win32.Build.0 = Release|Win32
		{6921A246-7125-44ED-A43E-C3887B28162A}.Release|x64.ActiveCfg = Release|Win32
		{D989DFED-6435-4F7A-BC0C-843F4836F024}.Debug|Any CPU.ActiveCfg = Debug|Win32
		{D989DFED-6435-4F7A-BC0C-843F4836F024}.Debug|Win32.ActiveCfg = Debug|Win32
		{D989DFED-6435-4F7A-BC0C-843F4836F024}.Debug|Win32.Build.0 = Debug|Win32
		{D989DFED-6435-4F7A-BC0C-843F4836F024}.Debug|x64.ActiveCfg = Debug|Win32
		{D989DFED-6435-4F7A-BC0C-843F4836F024}.Release|Any CPU.ActiveCfg = Release|Win32
		{D989DFED-6435-4F7A-BC0C-843F4836F024}.Release|Win32.ActiveCfg = Release|Win32
		{D989DFED-6435-4F7A-BC0C-843F4836F024}.Release|Win32.Build.0 = Release|Win32
		{D989DFED-6435-4F7A-BC0C-843F4836F024}.Release|x64.ActiveCfg = Release|Win32
		{2815B9E0-68EB-449C-8C6B-48A715EC9184}.Debug|Any CPU.ActiveCfg = Debug|Win32
		{2815B9E0-68EB-449C-8C6B-48A715EC9184}.Debug|Win32.ActiveCfg = Debug|Win32
		{2815B9E0-68EB-449C-8C6B-48A715EC9184}.Debug|Win32.Build.0 = Debug|Win32
		{2815B9E0-68EB-449C-8C6B-48A715EC9184}.Debug|x64.ActiveCfg = Debug|Win32
		{2815B9E0-68EB-449C-8C6B-48A715EC9184}.Release|Any CPU.ActiveCfg = Release|Win32
		{2815B9E0-68EB-449C-8C6B-48A715EC9184}.Release|Win32.ActiveCfg = Release|Win32
		{2815B9E0-68EB-449C-8C6B-48A715EC9184}.Release|Win32.Build.0 = Release|Win32
		{2815B9E0-68EB-449C-8C6B-48A715EC9184}.Release|x64.ActiveCfg = Release|Win32
		{BBEBE550-2718-457F-9595-9A8CD332FCF1}.Debug|Any CPU.ActiveCfg = Debug|Win32
		{BBEBE550-2718-457F-9595-9A8CD332FCF1}.Debug|Win32.ActiveCfg = Debug|Win32
		{BBEBE550-2718-457F-9595-9A8CD332FCF1}.Debug|Win32.Build.0 = Debug|Win32
		{BBEBE550-2718-457F-9595-9A8CD332FCF1}.Debug|x64.ActiveCfg = Debug|Win32
		{BBEBE550-2718-457F-9595-9A8CD332FCF1}.Release|Any CPU.ActiveCfg = Release|Win32
		{BBEBE550-2718-457F-9595-9A8CD332FCF1}.Release|Win32.ActiveCfg = Release|Win32
		{BBEBE550-2718-457F-9595-9A8CD332FCF1}.Release|Win32.Build.0 = Release|Win32
		{BBEBE550-2718-457F-9595-9A8CD332FCF1}.Release|x64.ActiveCfg = Release|Win32
		{C78F37EE-F0C2-404D-B5F2-7E9F7BE19205}.Debug|Any CPU.ActiveCfg = Debug|Win32
		{C78F37EE-F0C2-404D-B5F2-7E9F7BE19205}.Debug|Win32.ActiveCfg = Debug|Win32
		{C78F37EE-F0C2-404D-B5F2-7E9F7BE19205}.Debug|Win32.Build.0 = Debug|Win32
		{C78F37EE-F0C2-404D-B5F2-7E9F7BE19205}.Debug|x64.ActiveCfg = Debug|Win32
		{C78F37EE-F0C2-404D-B5F2-7E9F7BE19205}.Release|Any CPU.ActiveCfg = Release|Win32
		{C78F37EE-F0C2-404D-B5F2-7E9F7BE19205}.Release|Win32.ActiveCfg = Release|Win32
		{C78F37EE-F0C2-404D-B5F2-7E9F7BE19205}.Release|Win32.Build.0 = Release|Win32
		{C78F37EE-F0C2-404D-B5F2-7E9F7BE19205}.Release|x64.ActiveCfg = Release|Win32
		{126A3E8D-556A-41A9-95D5-3FD645445EA2}.Debug|Any CPU.ActiveCfg = Debug|Win32
		{126A3E8D-556A-41A9-95D5-3FD645445EA2}.Debug|Win32.ActiveCfg = Debug|Win32
		{126A3E8D-556A-41A9-95D5-3FD645445EA2}.Debug|Win32.Build.0 = Debug|Win32
		{126A3E8D-556A-41A9-95D5-3FD645445EA2}.Debug|x64.ActiveCfg = Debug|Win32
		{126A3E8D-556A-41A9-95D5-3FD645445EA2}.Release|Any CPU.ActiveCfg = Release|Win32
		{126A3E8D-556A-41A9-95D5-3FD645445EA2}.Release|Win32.ActiveCfg = Release|Win32
		{126A3E8D-556A-41A9-95D5-3FD645445EA2}.Release|Win32.Build.0 = Release|Win32
		{126A3E8D-556A-41A9-95D5-3FD645445EA2}.Release|x64.ActiveCfg = Release|Win32
		{71C4872B-B488-4106-8DCF-03F58DABD823}.Debug|Any CPU.ActiveCfg = Debug|Win32
		{71C4872B-B488-4106-8DCF-03F58DABD823}.Debug|Win32.ActiveCfg = Debug|Win32
		{71C4872B-B488-4106-8DCF-03F58DABD823}.Debug|Win32.Build.0 = Debug|Win32
		{71C4872B-B488-4106-8DCF-03F58DABD823}.Debug|x64.ActiveCfg = Debug|Win32
		{71C4872B-B488-4106-8DCF-03F58DABD823}.Release|Any CPU.ActiveCfg = Release|Win32
		{71C4872B-B488-4106-8DCF-03F58DABD823}.Release|Win32.ActiveCfg = Release|Win32
		{71C4872B-B488-4106-8DCF-03F58DABD823}.Release|Win32.Build.0 = Release|Win32
		{71C4872B-B488-4106-8DCF-03F58DABD823}.Release|x64.ActiveCfg = Release|Win32
		{80DC4BE0-42CE-4B0B-965D-5B2909B68E3B}.Debug|Any CPU.ActiveCfg = Debug|Win32
		{80DC4BE0-42CE-4B0B-965D-5B2909B68E3B}.Debug|Win32.ActiveCfg = Debug|Win32
		{80DC4BE0-42CE-4B0B-965D-5B2909B68E3B}.Debug|Win32.Build.0 = Debug|Win32
		{80DC4BE0-42CE-4B0B-965D-5B2909B68E3B}.Debug|x64.ActiveCfg = Debug|Win32
		{80DC4BE0-42CE-4B0B-965D-5B2909B68E3B}.Release|Any CPU.ActiveCfg = Release|Win32
		{80DC4BE0-42CE-4B0B-965D-5B2909B68E3B}.Release|Win32.ActiveCfg = Release|Win32
		{80DC4BE0-42CE-4B0B-965D-5B2909B68E3B}.Release|Win32.Build.0 = Release|Win32
		{80DC4BE0-42CE-4B0B-965D-5B2909B68E3B}.Release|x64.ActiveCfg = Release|Win32
		{F2369A0F-919A-4179-8AFF-3B7F4F8DC2F6}.Debug|Any CPU.ActiveCfg = Debug|Win32
		{F2369A0F-919A-4179-8AFF-3B7F4F8DC2F6}.Debug|Win32.ActiveCfg = Debug|Win32
		{F2369A0F-919A-4179-8AFF-3B7F4F8DC2F6}.Debug|Win32.Build.0 = Debug|Win32
		{F2369A0F-919A-4179-8AFF-3B7F4F8DC2F6}.Debug|x64.ActiveCfg = Debug|Win32
		{F2369A0F-919A-4179-8AFF-3B7F4F8DC2F6}.Release|Any CPU.ActiveCfg = Release|Win32
		{F2369A0F-919A-4179-8AFF-3B7F4F8DC2F6}.Release|Win32.ActiveCfg = Release|Win32
		{F2369A0F-919A-4179-8AFF-3B7F4F8DC2F6}.Release|Win32.Build.0 = Release|Win32
		{F2369A0F-919A-4179-8AFF-3B7F4F8DC2F6}.Release|x64.ActiveCfg = Release|Win32
		{F1BC25AC-B78A-445E-A982-1985E38A2F98}.Debug|Any CPU.ActiveCfg = Debug|Win32
		{F1BC25AC-B78A-445E-A982-1985E38A2F98}.Debug|Win32.ActiveCfg = Debug|Win32
		{F1BC25AC-B78A-445E-A982-1985E38A2F98}.Debug|Win32.Build.0 = Debug|Win32
		{F1BC25AC-B78A-445E-A982-1985E38A2F98}.Debug|x64.ActiveCfg = Debug|Win32
		{F1BC25AC-B78A-445E-A982-1985E38A2F98}.Release|Any CPU.ActiveCfg = Release|Win32
		{F1BC25AC-B78A-445E-A982-1985E38A2F98}.Release|Win32.ActiveCfg = Release|Win32
		{F1BC25AC-B78A-445E-A982-1985E38A2F98}.Release|Win32.Build.0 = Release|Win32
		{F1BC25AC-B78A-445E-A982-1985E38A2F98}.Release|x64.ActiveCfg = Release|Win32
		{B26DCA39-00AB-41F8-9E5A-841BC071C80D}.Debug|Any CPU.ActiveCfg = Debug|Win32
		{B26DCA39-00AB-41F8-9E5A-841BC071C80D}.Debug|Win32.ActiveCfg = Debug|Win32
		{B26DCA39-00AB-41F8-9E5A-841BC071C80D}.Debug|Win32.Build.0 = Debug|Win32
		{B26DCA39-00AB-41F8-9E5A-841BC071C80D}.Debug|x64.ActiveCfg = Debug|Win32
		{B26DCA39-00AB-41F8-9E5A-841BC071C80D}.Release|Any CPU.ActiveCfg = Release|Win32
		{B26DCA39-00AB-41F8-9E5A-841BC071C80D}.Release|Win32.ActiveCfg = Release|Win32
		{B26DCA39-00AB-41F8-9E5A-841BC071C80D}.Release|Win32.Build.0 = Release|Win32
		{B26DCA39-00AB-41F8-9E5A-841BC071C80D}.Release|x64.ActiveCfg = Release|Win32
		{9D53D356-D20D-4589-B858-0F98A722DEAB}.Debug|Any CPU.ActiveCfg = Debug|Win32
		{9D53D356-D20D-4589-B858-0F98A722DEAB}.Debug|Win32.ActiveCfg = Debug|Win32
		{9D53D356-D20D-4589-B858-0F98A722DEAB}.Debug|Win32.Build.0 = Debug|Win32
		{9D53D356-D20D-4589-B858-0F98A722DEAB}.Debug|x64.ActiveCfg = Debug|Win32
		{9D53D356-D20D-4589-B858-0F98A722DEAB}.Release|Any CPU.ActiveCfg = Release|Win32
		{9D53D356-D20D-4589-B858-0F98A722DEAB}.Release|Win32.ActiveCfg = Release|Win32
		{9D53D356-D20D-4589-B858-0F98A722DEAB}.Release|Win32.Build.0 = Release|Win32
		{9D53D356-D20D-4589-B858-0F98A722DEAB}.Release|x64.ActiveCfg = Release|Win32
		{12D15CB5-06F2-42D5-96AB-9E4FA2A005D9}.Debug|Any CPU.ActiveCfg = Debug|Win32
		{12D15CB5-06F2-42D5-96AB-9E4FA2A005D9}.Debug|Win32.ActiveCfg = Debug|Win32
		{12D15CB5-06F2-42D5-96AB-9E4FA2A005D9}.Debug|Win32.Build.0 = Debug|Win32
		{12D15CB5-06F2-42D5-96AB-9E4FA2A005D9}.Debug|x64.ActiveCfg = Debug|Win32
		{12D15CB5-06F2-42D5-96AB-9E4FA2A005D9}.Release|Any CPU.ActiveCfg = Release|Win32
		{12D15CB5-06F2-42D5-96AB-9E4FA2A005D9}.Release|Win32.ActiveCfg = Release|Win32
		{12D15CB5-06F2-42D5-96AB-9E4FA2A005D9}.Release|Win32.Build.0 = Release|Win32
		{12D15CB5-06F2-42D5-96AB-9E4FA2A005D9}.Release|x64.ActiveCfg = Release|Win32
		{198CFAFE-B68D-49CA-BC8A-7FD62F6F4B7D}.Debug|Any CPU.ActiveCfg = Debug|Win32
		{198CFAFE-B68D-49CA-BC8A-7FD62F6F4B7D}.Debug|Win32.ActiveCfg = Debug|Win32
		{198CFAFE-B68D-49CA-BC8A-7FD62F6F4B7D}.Debug|Win32.Build.0 = Debug|Win32
		{198CFAFE-B68D-49CA-BC8A-7FD62F6F4B7D}.Debug|x64.ActiveCfg = Debug|Win32
		{198CFAFE-B68D-49CA-BC8A-7FD62F6F4B7D}.Release|Any CPU.ActiveCfg = Release|Win32
		{198CFAFE-B68D-49CA-BC8A-7FD62F6F4B7D}.Release|Win32.ActiveCfg = Release|Win32
		{198CFAFE-B68D-49CA-BC8A-7FD62F6F4B7D}.Release|Win32.Build.0 = Release|Win32
		{198CFAFE-B68D-49CA-BC8A-7FD62F6F4B7D}.Release|x64.ActiveCfg = Release|Win32
		{FFED41CB-8BB6-4C6A-800E-54ECCF16E1FF}.Debug|Any CPU.ActiveCfg = Debug|Win32
		{FFED41CB-8BB6-4C6A-800E-54ECCF16E1FF}.Debug|Win32.ActiveCfg = Debug|Win32
		{FFED41CB-8BB6-4C6A-800E-54ECCF16E1FF}.Debug|Win32.Build.0 = Debug|Win32
		{FFED41CB-8BB6-4C6A-800E-54ECCF16E1FF}.Debug|x64.ActiveCfg = Debug|Win32
		{FFED41CB-8BB6-4C6A-800E-54ECCF16E1FF}.Release|Any CPU.ActiveCfg = Release|Win32
		{FFED41CB-8BB6-4C6A-800E-54ECCF16E1FF}.Release|Win32.ActiveCfg = Release|Win32
		{FFED41CB-8BB6-4C6A-800E-54ECCF16E1FF}.Release|Win32.Build.0 = Release|Win32
		{FFED41CB-8BB6-4C6A-800E-54ECCF16E1FF}.Release|x64.ActiveCfg = Release|Win32
		{B89BDC1D-F89C-46A3-B8D2-95E682F91925}.Debug|Any CPU.ActiveCfg = Debug|Win32
		{B89BDC1D-F89C-46A3-B8D2-95E682F91925}.Debug|Win32.ActiveCfg = Debug|Win32
		{B89BDC1D-F89C-46A3-B8D2-95E682F91925}.Debug|Win32.Build.0 = Debug|Win32
		{B89BDC1D-F89C-46A3-B8D2-95E682F91925}.Debug|x64.ActiveCfg = Debug|Win32
		{B89BDC1D-F89C-46A3-B8D2-95E682F91925}.Release|Any CPU.ActiveCfg = Release|Win32
		{B89BDC1D-F89C-46A3-B8D2-95E682F91925}.Release|Win32.ActiveCfg = Release|Win32
		{B89BDC1D-F89C-46A3-B8D2-95E682F91925}.Release|Win32.Build.0 = Release|Win32
		{B89BDC1D-F89C-46A3-B8D2-95E682F91925}.Release|x64.ActiveCfg = Release|Win32
		{3F3A636D-74B6-4188-B7B0-06842A1AE62E}.Debug|Any CPU.ActiveCfg = Debug|Win32
		{3F3A636D-74B6-4188-B7B0-06842A1AE62E}.Debug|Win32.ActiveCfg = Debug|Win32
		{3F3A636D-74B6-4188-B7B0-06842A1AE62E}.Debug|Win32.Build.0 = Debug|Win32
		{3F3A636D-74B6-4188-B7B0-06842A1AE62E}.Debug|x64.ActiveCfg = Debug|Win32
		{3F3A636D-74B6-4188-B7B0-06842A1AE62E}.Release|Any CPU.ActiveCfg = Release|Win32
		{3F3A636D-74B6-4188-B7B0-06842A1AE62E}.Release|Win32.ActiveCfg = Release|Win32
		{3F3A636D-74B6-4188-B7B0-06842A1AE62E}.Release|Win32.Build.0 = Release|Win32
		{3F3A636D-74B6-4188-B7B0-06842A1AE62E}.Release|x64.ActiveCfg = Release|Win32
		{088842AC-497B-4351-89E2-B0CAAD0CBCBB}.Debug|Any CPU.ActiveCfg = Debug|Win32
		{088842AC-497B-4351-89E2-B0CAAD0CBCBB}.Debug|Win32.ActiveCfg = Debug|Win32
		{088842AC-497B-4351-89E2-B0CAAD0CBCBB}.Debug|Win32.Build.0 = Debug|Win32
		{088842AC-497B-4351-89E2-B0CAAD0CBCBB}.Debug|x64.ActiveCfg = Debug|Win32
		{088842AC-497B-4351-89E2-B0CAAD0CBCBB}.Release|Any CPU.ActiveCfg = Release|Win32
		{088842AC-497B-4351-89E2-B0CAAD0CBCBB}.Release|Win32.ActiveCfg = Release|Win32
		{088842AC-497B-4351-89E2-B0CAAD0CBCBB}.Release|Win32.Build.0 = Release|Win32
		{088842AC-497B-4351-89E2-B0CAAD0CBCBB}.Release|x64.ActiveCfg = Release|Win32
		{3A4AFC32-EF2D-4C30-A667-1683A5D12A8C}.Debug|Any CPU.ActiveCfg = Debug|Win32
		{3A4AFC32-EF2D-4C30-A667-1683A5D12A8C}.Debug|Win32.ActiveCfg = Debug|Win32
		{3A4AFC32-EF2D-4C30-A667-1683A5D12A8C}.Debug|Win32.Build.0 = Debug|Win32
		{3A4AFC32-EF2D-4C30-A667-1683A5D12A8C}.Debug|x64.ActiveCfg = Debug|Win32
		{3A4AFC32-EF2D-4C30-A667-1683A5D12A8C}.Release|Any CPU.ActiveCfg = Release|Win32
		{3A4AFC32-EF2D-4C30-A667-1683A5D12A8C}.Release|Win32.ActiveCfg = Release|Win32
		{3A4AFC32-EF2D-4C30-A667-1683A5D12A8C}.Release|Win32.Build.0 = Release|Win32
		{3A4AFC32-EF2D-4C30-A667-1683A5D12A8C}.Release|x64.ActiveCfg = Release|Win32
		{53909ECA-7D4C-4889-843B-8ED36B827D6C}.Debug|Any CPU.ActiveCfg = Debug|Win32
		{53909ECA-7D4C-4889-843B-8ED36B827D6C}.Debug|Win32.ActiveCfg = Debug|Win32
		{53909ECA-7D4C-4889-843B-8ED36B827D6C}.Debug|Win32.Build.0 = Debug|Win32
		{53909ECA-7D4C-4889-843B-8ED36B827D6C}.Debug|x64.ActiveCfg = Debug|Win32
		{53909ECA-7D4C-4889-843B-8ED36B827D6C}.Release|Any CPU.ActiveCfg = Release|Win32
		{53909ECA-7D4C-4889-843B-8ED36B827D6C}.Release|Win32.ActiveCfg = Release|Win32
		{53909ECA-7D4C-4889-843B-8ED36B827D6C}.Release|Win32.Build.0 = Release|Win32
		{53909ECA-7D4C-4889-843B-8ED36B827D6C}.Release|x64.ActiveCfg = Release|Win32
		{48568719-2DBE-4EF9-A1F3-B727562A88FF}.Debug|Any CPU.ActiveCfg = Debug|Win32
		{48568719-2DBE-4EF9-A1F3-B727562A88FF}.Debug|Win32.ActiveCfg = Debug|Win32
		{48568719-2DBE-4EF9-A1F3-B727562A88FF}.Debug|Win32.Build.0 = Debug|Win32
		{48568719-2DBE-4EF9-A1F3-B727562A88FF}.Debug|x64.ActiveCfg = Debug|Win32
		{48568719-2DBE-4EF9-A1F3-B727562A88FF}.Release|Any CPU.ActiveCfg = Release|Win32
		{48568719-2DBE-4EF9-A1F3-B727562A88FF}.Release|Win32.ActiveCfg = Release|Win32
		{48568719-2DBE-4EF9-A1F3-B727562A88FF}.Release|Win32.Build.0 = Release|Win32
		{48568719-2DBE-4EF9-A1F3-B727562A88FF}.Release|x64.ActiveCfg = Release|Win32
		{838F5A9D-CDAE-4F9E-BA2F-E641DCB6CB21}.Debug|Any CPU.ActiveCfg = Debug|Win32
		{838F5A9D-CDAE-4F9E-BA2F-E641DCB6CB21}.Debug|Win32.ActiveCfg = Debug|Win32
		{838F5A9D-CDAE-4F9E-BA2F-E641DCB6CB21}.Debug|Win32.Build.0 = Debug|Win32
		{838F5A9D-CDAE-4F9E-BA2F-E641DCB6CB21}.Debug|x64.ActiveCfg = Debug|Win32
		{838F5A9D-CDAE-4F9E-BA2F-E641DCB6CB21}.Release|Any CPU.ActiveCfg = Release|Win32
		{838F5A9D-CDAE-4F9E-BA2F-E641DCB6CB21}.Release|Win32.ActiveCfg = Release|Win32
		{838F5A9D-CDAE-4F9E-BA2F-E641DCB6CB21}.Release|Win32.Build.0 = Release|Win32
		{838F5A9D-CDAE-4F9E-BA2F-E641DCB6CB21}.Release|x64.ActiveCfg = Release|Win32
		{98105AE8-D61F-4605-971C-B30AF7112891}.Debug|Any CPU.ActiveCfg = Debug|Win32
		{98105AE8-D61F-4605-971C-B30AF7112891}.Debug|Win32.ActiveCfg = Debug|Win32
		{98105AE8-D61F-4605-971C-B30AF7112891}.Debug|Win32.Build.0 = Debug|Win32
		{98105AE8-D61F-4605-971C-B30AF7112891}.Debug|x64.ActiveCfg = Debug|Win32
		{98105AE8-D61F-4605-971C-B30AF7112891}.Release|Any CPU.ActiveCfg = Release|Win32
		{98105AE8-D61F-4605-971C-B30AF7112891}.Release|Win32.ActiveCfg = Release|Win32
		{98105AE8-D61F-4605-971C-B30AF7112891}.Release|Win32.Build.0 = Release|Win32
		{98105AE8-D61F-4605-971C-B30AF7112891}.Release|x64.ActiveCfg = Release|Win32
		{F5496635-59E8-4D5E-96A4-B3F44370ECA6}.Debug|Any CPU.ActiveCfg = Debug|Win32
		{F5496635-59E8-4D5E-96A4-B3F44370ECA6}.Debug|Win32.ActiveCfg = Debug|Win32
		{F5496635-59E8-4D5E-96A4-B3F44370ECA6}.Debug|Win32.Build.0 = Debug|Win32
		{F5496635-59E8-4D5E-96A4-B3F44370ECA6}.Debug|x64.ActiveCfg = Debug|Win32
		{F5496635-59E8-4D5E-96A4-B3F44370ECA6}.Release|Any CPU.ActiveCfg = Release|Win32
		{F5496635-59E8-4D5E-96A4-B3F44370ECA6}.Release|Win32.ActiveCfg = Release|Win32
		{F5496635-59E8-4D5E-96A4-B3F44370ECA6}.Release|Win32.Build.0 = Release|Win32
		{F5496635-59E8-4D5E-96A4-B3F44370ECA6}.Release|x64.ActiveCfg = Release|Win32
		{778D0305-5B0B-45A8-B617-05C9AEBF5F3B}.Debug|Any CPU.ActiveCfg = Debug|Win32
		{778D0305-5B0B-45A8-B617-05C9AEBF5F3B}.Debug|Win32.ActiveCfg = Debug|Win32
		{778D0305-5B0B-45A8-B617-05C9AEBF5F3B}.Debug|Win32.Build.0 = Debug|Win32
		{778D0305-5B0B-45A8-B617-05C9AEBF5F3B}.Debug|x64.ActiveCfg = Debug|Win32
		{778D0305-5B0B-45A8-B617-05C9AEBF5F3B}.Release|Any CPU.ActiveCfg = Release|Win32
		{778D0305-5B0B-45A8-B617-05C9AEBF5F3B}.Release|Win32.ActiveCfg = Release|Win32
		{778D0305-5B0B-45A8-B617-05C9AEBF5F3B}.Release|Win32.Build.0 = Release|Win32
		{778D0305-5B0B-45A8-B617-05C9AEBF5F3B}.Release|x64.ActiveCfg = Release|Win32
		{5827F8C0-239E-4C5B-85A1-45BBCDD5334C}.Debug|Any CPU.ActiveCfg = Debug|Win32
		{5827F8C0-239E-4C5B-85A1-45BBCDD5334C}.Debug|Win32.ActiveCfg = Debug|Win32
		{5827F8C0-239E-4C5B-85A1-45BBCDD5334C}.Debug|Win32.Build.0 = Debug|Win32
		{5827F8C0-239E-4C5B-85A1-45BBCDD5334C}.Debug|x64.ActiveCfg = Debug|Win32
		{5827F8C0-239E-4C5B-85A1-45BBCDD5334C}.Release|Any CPU.ActiveCfg = Release|Win32
		{5827F8C0-239E-4C5B-85A1-45BBCDD5334C}.Release|Win32.ActiveCfg = Release|Win32
		{5827F8C0-239E-4C5B-85A1-45BBCDD5334C}.Release|Win32.Build.0 = Release|Win32
		{5827F8C0-239E-4C5B-85A1-45BBCDD5334C}.Release|x64.ActiveCfg = Release|Win32
		{ECDA2032-F3DB-4E06-8997-6300CFBE2336}.Debug|Any CPU.ActiveCfg = Debug|Win32
		{ECDA2032-F3DB-4E06-8997-6300CFBE2336}.Debug|Win32.ActiveCfg = Debug|Win32
		{ECDA2032-F3DB-4E06-8997-6300CFBE2336}.Debug|Win32.Build.0 = Debug|Win32
		{ECDA2032-F3DB-4E06-8997-6300CFBE2336}.Debug|x64.ActiveCfg = Debug|Win32
		{ECDA2032-F3DB-4E06-8997-6300CFBE2336}.Release|Any CPU.ActiveCfg = Release|Win32
		{ECDA2032-F3DB-4E06-8997-6300CFBE2336}.Release|Win32.ActiveCfg = Release|Win32
		{ECDA2032-F3DB-4E06-8997-6300CFBE2336}.Release|Win32.Build.0 = Release|Win32
		{ECDA2032-F3DB-4E06-8997-6300CFBE2336}.Release|x64.ActiveCfg = Release|Win32
		{EBC9B6E6-FD40-44A6-B19F-F826A65CA1D2}.Debug|Any CPU.ActiveCfg = Debug|Any CPU
		{EBC9B6E6-FD40-44A6-B19F-F826A65CA1D2}.Debug|Any CPU.Build.0 = Debug|Any CPU
		{EBC9B6E6-FD40-44A6-B19F-F826A65CA1D2}.Debug|Win32.ActiveCfg = Debug|Any CPU
		{EBC9B6E6-FD40-44A6-B19F-F826A65CA1D2}.Debug|Win32.Build.0 = Debug|Any CPU
		{EBC9B6E6-FD40-44A6-B19F-F826A65CA1D2}.Debug|x64.ActiveCfg = Debug|Any CPU
		{EBC9B6E6-FD40-44A6-B19F-F826A65CA1D2}.Debug|x64.Build.0 = Debug|Any CPU
		{EBC9B6E6-FD40-44A6-B19F-F826A65CA1D2}.Release|Any CPU.ActiveCfg = Release|Any CPU
		{EBC9B6E6-FD40-44A6-B19F-F826A65CA1D2}.Release|Any CPU.Build.0 = Release|Any CPU
		{EBC9B6E6-FD40-44A6-B19F-F826A65CA1D2}.Release|Win32.ActiveCfg = Release|Any CPU
		{EBC9B6E6-FD40-44A6-B19F-F826A65CA1D2}.Release|Win32.Build.0 = Release|Any CPU
		{EBC9B6E6-FD40-44A6-B19F-F826A65CA1D2}.Release|x64.ActiveCfg = Release|Any CPU
		{EBC9B6E6-FD40-44A6-B19F-F826A65CA1D2}.Release|x64.Build.0 = Release|Any CPU
		{68DD6DC0-D301-4AD7-B7AC-A94352A157D5}.Debug|Any CPU.ActiveCfg = Debug|Any CPU
		{68DD6DC0-D301-4AD7-B7AC-A94352A157D5}.Debug|Any CPU.Build.0 = Debug|Any CPU
		{68DD6DC0-D301-4AD7-B7AC-A94352A157D5}.Debug|Win32.ActiveCfg = Debug|Any CPU
		{68DD6DC0-D301-4AD7-B7AC-A94352A157D5}.Debug|Win32.Build.0 = Debug|Any CPU
		{68DD6DC0-D301-4AD7-B7AC-A94352A157D5}.Debug|x64.ActiveCfg = Debug|Any CPU
		{68DD6DC0-D301-4AD7-B7AC-A94352A157D5}.Debug|x64.Build.0 = Debug|Any CPU
		{68DD6DC0-D301-4AD7-B7AC-A94352A157D5}.Release|Any CPU.ActiveCfg = Release|Any CPU
		{68DD6DC0-D301-4AD7-B7AC-A94352A157D5}.Release|Any CPU.Build.0 = Release|Any CPU
		{68DD6DC0-D301-4AD7-B7AC-A94352A157D5}.Release|Win32.ActiveCfg = Release|Any CPU
		{68DD6DC0-D301-4AD7-B7AC-A94352A157D5}.Release|Win32.Build.0 = Release|Any CPU
		{68DD6DC0-D301-4AD7-B7AC-A94352A157D5}.Release|x64.ActiveCfg = Release|Any CPU
		{68DD6DC0-D301-4AD7-B7AC-A94352A157D5}.Release|x64.Build.0 = Release|Any CPU
		{11341BA6-4D40-4933-9777-BB4BD8652F7F}.Debug|Any CPU.ActiveCfg = Debug|Win32
		{11341BA6-4D40-4933-9777-BB4BD8652F7F}.Debug|Win32.ActiveCfg = Debug|Win32
		{11341BA6-4D40-4933-9777-BB4BD8652F7F}.Debug|Win32.Build.0 = Debug|Win32
		{11341BA6-4D40-4933-9777-BB4BD8652F7F}.Debug|x64.ActiveCfg = Debug|Win32
		{11341BA6-4D40-4933-9777-BB4BD8652F7F}.Release|Any CPU.ActiveCfg = Release|Win32
		{11341BA6-4D40-4933-9777-BB4BD8652F7F}.Release|Win32.ActiveCfg = Release|Win32
		{11341BA6-4D40-4933-9777-BB4BD8652F7F}.Release|Win32.Build.0 = Release|Win32
		{11341BA6-4D40-4933-9777-BB4BD8652F7F}.Release|x64.ActiveCfg = Release|Win32
		{6E8EEFA2-6A03-4E48-A6B1-AF69C8738824}.Debug|Any CPU.ActiveCfg = Debug|Win32
		{6E8EEFA2-6A03-4E48-A6B1-AF69C8738824}.Debug|Win32.ActiveCfg = Debug|Win32
		{6E8EEFA2-6A03-4E48-A6B1-AF69C8738824}.Debug|Win32.Build.0 = Debug|Win32
		{6E8EEFA2-6A03-4E48-A6B1-AF69C8738824}.Debug|x64.ActiveCfg = Debug|Win32
		{6E8EEFA2-6A03-4E48-A6B1-AF69C8738824}.Release|Any CPU.ActiveCfg = Release|Win32
		{6E8EEFA2-6A03-4E48-A6B1-AF69C8738824}.Release|Win32.ActiveCfg = Release|Win32
		{6E8EEFA2-6A03-4E48-A6B1-AF69C8738824}.Release|Win32.Build.0 = Release|Win32
		{6E8EEFA2-6A03-4E48-A6B1-AF69C8738824}.Release|x64.ActiveCfg = Release|Win32
	EndGlobalSection
	GlobalSection(SolutionProperties) = preSolution
		HideSolutionNode = FALSE
	EndGlobalSection
	GlobalSection(NestedProjects) = preSolution
		{DFC376DE-831F-45D1-96CD-779DC9D95F80} = {B3EA5655-4072-4B98-9C5E-D6DB7CFBD2C6}
		{0A8D12DB-03C2-412E-9117-A3EA3FCE9C83} = {B3EA5655-4072-4B98-9C5E-D6DB7CFBD2C6}
		{150A3920-32BC-40AD-9302-0453983D5527} = {B3EA5655-4072-4B98-9C5E-D6DB7CFBD2C6}
		{BACBB188-61C3-43FA-8917-4BDC4EDA1748} = {B3EA5655-4072-4B98-9C5E-D6DB7CFBD2C6}
		{84E4EC76-1373-4775-B201-2B3805EE268F} = {B3EA5655-4072-4B98-9C5E-D6DB7CFBD2C6}
		{372D72D9-F21F-49F6-8017-B400D1251BCB} = {B3EA5655-4072-4B98-9C5E-D6DB7CFBD2C6}
		{816A844B-36E8-4E4D-A141-B084A1C8300D} = {B3EA5655-4072-4B98-9C5E-D6DB7CFBD2C6}
		{7035A4A6-F6A4-4591-978A-624ACEC9908B} = {B3EA5655-4072-4B98-9C5E-D6DB7CFBD2C6}
		{7B16B85A-07FD-4F6A-BBBD-6A5E49B88FD0} = {B3EA5655-4072-4B98-9C5E-D6DB7CFBD2C6}
		{A5498C19-009A-4D9B-B8BC-A1926F1AE327} = {B3EA5655-4072-4B98-9C5E-D6DB7CFBD2C6}
		{0C0BF8F3-C0FD-42BA-B810-AFE7C60B20CA} = {B3EA5655-4072-4B98-9C5E-D6DB7CFBD2C6}
		{481E2C38-3A15-462E-852D-72B2C6BC6118} = {8E12A725-4D1A-44AB-8CDE-A5F535985F11}
		{0B1E4CFD-2DFE-42C6-9ED3-49926ECA4544} = {8E12A725-4D1A-44AB-8CDE-A5F535985F11}
		{20B6F13A-AAF8-4D6D-A846-7859D34598D3} = {8E12A725-4D1A-44AB-8CDE-A5F535985F11}
		{D8F5CB4C-8C22-4C68-B66A-9FDACB08E187} = {8E12A725-4D1A-44AB-8CDE-A5F535985F11}
		{69138CAE-E104-4730-A2FF-98EFF65CDB10} = {BE9704FA-F84A-4E71-92AD-686A4CAD7E36}
		{F178EF00-1EEF-4CA4-904F-2317C24257C9} = {BE9704FA-F84A-4E71-92AD-686A4CAD7E36}
		{362360B5-0417-4A8C-9D90-A9F56A5B5B5F} = {B3EA5655-4072-4B98-9C5E-D6DB7CFBD2C6}
		{9BDFA73F-6FF2-4B61-8A62-70AB1BD42DEB} = {BE9704FA-F84A-4E71-92AD-686A4CAD7E36}
		{7FE51D33-BA55-423E-8CB5-F582D6BEFD53} = {7F1F9BE1-FFA6-4B3B-BCEE-DC49EE5CEDF9}
		{AF9AE314-B686-4000-AC0E-A1D9290CA169} = {7F1F9BE1-FFA6-4B3B-BCEE-DC49EE5CEDF9}
		{BD7F20DB-725B-4320-A81D-E3D183789FA2} = {7F1F9BE1-FFA6-4B3B-BCEE-DC49EE5CEDF9}
		{B7A0C8D1-A9BE-45A5-BD56-E5440D2CB571} = {7F1F9BE1-FFA6-4B3B-BCEE-DC49EE5CEDF9}
		{F69A23B6-F77A-4679-A4F5-2494D6C4D5E8} = {7F1F9BE1-FFA6-4B3B-BCEE-DC49EE5CEDF9}
		{4BBA6451-726B-469A-AF4A-A5E62A435FD5} = {7F1F9BE1-FFA6-4B3B-BCEE-DC49EE5CEDF9}
		{022D051F-51A9-4F46-A4E2-C122DD322C8B} = {7F1F9BE1-FFA6-4B3B-BCEE-DC49EE5CEDF9}
		{7A460534-72C6-451D-B5D4-4CCDA03F33FB} = {7F1F9BE1-FFA6-4B3B-BCEE-DC49EE5CEDF9}
		{86FABCDC-2626-4F1C-9DAC-2CE374B64C7F} = {7F1F9BE1-FFA6-4B3B-BCEE-DC49EE5CEDF9}
		{8193BD97-B998-4FA7-8356-79140C004042} = {7F1F9BE1-FFA6-4B3B-BCEE-DC49EE5CEDF9}
		{6921A246-7125-44ED-A43E-C3887B28162A} = {7F1F9BE1-FFA6-4B3B-BCEE-DC49EE5CEDF9}
		{D989DFED-6435-4F7A-BC0C-843F4836F024} = {7F1F9BE1-FFA6-4B3B-BCEE-DC49EE5CEDF9}
		{2815B9E0-68EB-449C-8C6B-48A715EC9184} = {332DA351-B3C6-4E1F-858D-C5D6DA145BAF}
		{BBEBE550-2718-457F-9595-9A8CD332FCF1} = {B3EA5655-4072-4B98-9C5E-D6DB7CFBD2C6}
		{C78F37EE-F0C2-404D-B5F2-7E9F7BE19205} = {8968B387-8157-4E48-8893-E18FA4BE33B8}
		{126A3E8D-556A-41A9-95D5-3FD645445EA2} = {8968B387-8157-4E48-8893-E18FA4BE33B8}
		{71C4872B-B488-4106-8DCF-03F58DABD823} = {8968B387-8157-4E48-8893-E18FA4BE33B8}
		{80DC4BE0-42CE-4B0B-965D-5B2909B68E3B} = {8968B387-8157-4E48-8893-E18FA4BE33B8}
		{F2369A0F-919A-4179-8AFF-3B7F4F8DC2F6} = {8968B387-8157-4E48-8893-E18FA4BE33B8}
		{F1BC25AC-B78A-445E-A982-1985E38A2F98} = {BE9704FA-F84A-4E71-92AD-686A4CAD7E36}
		{B26DCA39-00AB-41F8-9E5A-841BC071C80D} = {8968B387-8157-4E48-8893-E18FA4BE33B8}
		{9D53D356-D20D-4589-B858-0F98A722DEAB} = {8968B387-8157-4E48-8893-E18FA4BE33B8}
		{12D15CB5-06F2-42D5-96AB-9E4FA2A005D9} = {8968B387-8157-4E48-8893-E18FA4BE33B8}
		{198CFAFE-B68D-49CA-BC8A-7FD62F6F4B7D} = {8968B387-8157-4E48-8893-E18FA4BE33B8}
		{FFED41CB-8BB6-4C6A-800E-54ECCF16E1FF} = {8968B387-8157-4E48-8893-E18FA4BE33B8}
		{B89BDC1D-F89C-46A3-B8D2-95E682F91925} = {8968B387-8157-4E48-8893-E18FA4BE33B8}
		{3F3A636D-74B6-4188-B7B0-06842A1AE62E} = {8968B387-8157-4E48-8893-E18FA4BE33B8}
		{088842AC-497B-4351-89E2-B0CAAD0CBCBB} = {8968B387-8157-4E48-8893-E18FA4BE33B8}
		{3A4AFC32-EF2D-4C30-A667-1683A5D12A8C} = {B3EA5655-4072-4B98-9C5E-D6DB7CFBD2C6}
		{53909ECA-7D4C-4889-843B-8ED36B827D6C} = {BE9704FA-F84A-4E71-92AD-686A4CAD7E36}
		{48568719-2DBE-4EF9-A1F3-B727562A88FF} = {8968B387-8157-4E48-8893-E18FA4BE33B8}
		{838F5A9D-CDAE-4F9E-BA2F-E641DCB6CB21} = {8968B387-8157-4E48-8893-E18FA4BE33B8}
		{37AE94C1-E235-4E60-B6C9-D412867C5074} = {8968B387-8157-4E48-8893-E18FA4BE33B8}
		{98105AE8-D61F-4605-971C-B30AF7112891} = {37AE94C1-E235-4E60-B6C9-D412867C5074}
		{F5496635-59E8-4D5E-96A4-B3F44370ECA6} = {B3EA5655-4072-4B98-9C5E-D6DB7CFBD2C6}
		{778D0305-5B0B-45A8-B617-05C9AEBF5F3B} = {8E12A725-4D1A-44AB-8CDE-A5F535985F11}
		{5827F8C0-239E-4C5B-85A1-45BBCDD5334C} = {B3EA5655-4072-4B98-9C5E-D6DB7CFBD2C6}
		{ECDA2032-F3DB-4E06-8997-6300CFBE2336} = {B3EA5655-4072-4B98-9C5E-D6DB7CFBD2C6}
		{EBC9B6E6-FD40-44A6-B19F-F826A65CA1D2} = {BE9704FA-F84A-4E71-92AD-686A4CAD7E36}
		{68DD6DC0-D301-4AD7-B7AC-A94352A157D5} = {8E12A725-4D1A-44AB-8CDE-A5F535985F11}
		{11341BA6-4D40-4933-9777-BB4BD8652F7F} = {8968B387-8157-4E48-8893-E18FA4BE33B8}
		{6E8EEFA2-6A03-4E48-A6B1-AF69C8738824} = {B3EA5655-4072-4B98-9C5E-D6DB7CFBD2C6}
	EndGlobalSection
EndGlobal
